
Microsoft Visual Studio Solution File, Format Version 12.00
# Visual Studio Version 17
VisualStudioVersion = 17.14.36623.8
MinimumVisualStudioVersion = 10.0.40219.1
Project("{FAE04EC0-301F-11D3-BF4B-00C04F79EFBC}") = "LTW_Lab01", "LTW_Lab01\LTW_Lab01.csproj", "{2538D8E2-3D6C-4832-AF39-53AE8EFF819A}"
EndProject
Project("{FAE04EC0-301F-11D3-BF4B-00C04F79EFBC}") = "DBFIrstApp", "DBFIrstApp\DBFIrstApp.csproj", "{38A55F4F-FA5B-445C-9559-DF83ED0F7154}"
EndProject
Global
	GlobalSection(SolutionConfigurationPlatforms) = preSolution
		Debug|Any CPU = Debug|Any CPU
		Release|Any CPU = Release|Any CPU
	EndGlobalSection
	GlobalSection(ProjectConfigurationPlatforms) = postSolution
		{2538D8E2-3D6C-4832-AF39-53AE8EFF819A}.Debug|Any CPU.ActiveCfg = Debug|Any CPU
		{2538D8E2-3D6C-4832-AF39-53AE8EFF819A}.Debug|Any CPU.Build.0 = Debug|Any CPU
		{2538D8E2-3D6C-4832-AF39-53AE8EFF819A}.Release|Any CPU.ActiveCfg = Release|Any CPU
		{2538D8E2-3D6C-4832-AF39-53AE8EFF819A}.Release|Any CPU.Build.0 = Release|Any CPU
		{38A55F4F-FA5B-445C-9559-DF83ED0F7154}.Debug|Any CPU.ActiveCfg = Debug|Any CPU
		{38A55F4F-FA5B-445C-9559-DF83ED0F7154}.Debug|Any CPU.Build.0 = Debug|Any CPU
		{38A55F4F-FA5B-445C-9559-DF83ED0F7154}.Release|Any CPU.ActiveCfg = Release|Any CPU
		{38A55F4F-FA5B-445C-9559-DF83ED0F7154}.Release|Any CPU.Build.0 = Release|Any CPU
	EndGlobalSection
	GlobalSection(SolutionProperties) = preSolution
		HideSolutionNode = FALSE
	EndGlobalSection
	GlobalSection(ExtensibilityGlobals) = postSolution
		SolutionGuid = {41DEA9D4-93D2-4803-8ACB-D108E51FEDCC}
	EndGlobalSection
EndGlobal
